
Microsoft Visual Studio Solution File, Format Version 12.00
# Visual Studio Version 16
VisualStudioVersion = 16.0.30309.148
MinimumVisualStudioVersion = 10.0.40219.1
Project("{9A19103F-16F7-4668-BE54-9A1E7A4F7556}") = "PuppetBotClient", "PuppetBotClient\PuppetBotClient.csproj", "{61EAEDE0-BCAA-4799-B424-A1C3E1FD8E68}"
EndProject
Project("{FAE04EC0-301F-11D3-BF4B-00C04F79EFBC}") = "PuppetBotClient.ImageCache", "PuppetBotClient.ImageCache\PuppetBotClient.ImageCache.csproj", "{B7F7EC4A-3416-4935-91A1-C3B1CDBB67DC}"
EndProject
Global
	GlobalSection(SolutionConfigurationPlatforms) = preSolution
		Debug|Any CPU = Debug|Any CPU
		Release|Any CPU = Release|Any CPU
	EndGlobalSection
	GlobalSection(ProjectConfigurationPlatforms) = postSolution
		{61EAEDE0-BCAA-4799-B424-A1C3E1FD8E68}.Debug|Any CPU.ActiveCfg = Debug|Any CPU
		{61EAEDE0-BCAA-4799-B424-A1C3E1FD8E68}.Debug|Any CPU.Build.0 = Debug|Any CPU
		{61EAEDE0-BCAA-4799-B424-A1C3E1FD8E68}.Release|Any CPU.ActiveCfg = Release|Any CPU
		{61EAEDE0-BCAA-4799-B424-A1C3E1FD8E68}.Release|Any CPU.Build.0 = Release|Any CPU
		{B7F7EC4A-3416-4935-91A1-C3B1CDBB67DC}.Debug|Any CPU.ActiveCfg = Debug|Any CPU
		{B7F7EC4A-3416-4935-91A1-C3B1CDBB67DC}.Debug|Any CPU.Build.0 = Debug|Any CPU
		{B7F7EC4A-3416-4935-91A1-C3B1CDBB67DC}.Release|Any CPU.ActiveCfg = Release|Any CPU
		{B7F7EC4A-3416-4935-91A1-C3B1CDBB67DC}.Release|Any CPU.Build.0 = Release|Any CPU
	EndGlobalSection
	GlobalSection(SolutionProperties) = preSolution
		HideSolutionNode = FALSE
	EndGlobalSection
	GlobalSection(ExtensibilityGlobals) = postSolution
		SolutionGuid = {147D9A9E-DCA6-499D-8574-824CD2A0714A}
	EndGlobalSection
EndGlobal
